// !$*UTF8*$!
{
	archiveVersion = 1;
	classes = {
	};
	objectVersion = 46;
	objects = {

/* Begin PBXBuildFile section */
		05F4B7B41F73CFF8001B5241 /* main.m in Sources */ = {isa = PBXBuildFile; fileRef = 05F4B7B31F73CFF8001B5241 /* main.m */; };
		05F4B7B71F73CFF8001B5241 /* AppDelegate.m in Sources */ = {isa = PBXBuildFile; fileRef = 05F4B7B61F73CFF8001B5241 /* AppDelegate.m */; };
		05F4B7BA1F73CFF8001B5241 /* ViewController.m in Sources */ = {isa = PBXBuildFile; fileRef = 05F4B7B91F73CFF8001B5241 /* ViewController.m */; };
		05F4B7BD1F73CFF8001B5241 /* Main.storyboard in Resources */ = {isa = PBXBuildFile; fileRef = 05F4B7BB1F73CFF8001B5241 /* Main.storyboard */; };
		05F4B7BF1F73CFF8001B5241 /* Assets.xcassets in Resources */ = {isa = PBXBuildFile; fileRef = 05F4B7BE1F73CFF8001B5241 /* Assets.xcassets */; };
		05F4B7C21F73CFF8001B5241 /* LaunchScreen.storyboard in Resources */ = {isa = PBXBuildFile; fileRef = 05F4B7C01F73CFF8001B5241 /* LaunchScreen.storyboard */; };
		05F4B7CD1F73CFF8001B5241 /* IQKeyboardManagerBugTests.m in Sources */ = {isa = PBXBuildFile; fileRef = 05F4B7CC1F73CFF8001B5241 /* IQKeyboardManagerBugTests.m */; };
		05F4B7D81F73CFF8001B5241 /* IQKeyboardManagerBugUITests.m in Sources */ = {isa = PBXBuildFile; fileRef = 05F4B7D71F73CFF8001B5241 /* IQKeyboardManagerBugUITests.m */; };
/* End PBXBuildFile section */

/* Begin PBXContainerItemProxy section */
		05F4B7C91F73CFF8001B5241 /* PBXContainerItemProxy */ = {
			isa = PBXContainerItemProxy;
			containerPortal = 05F4B7A71F73CFF8001B5241 /* Project object */;
			proxyType = 1;
			remoteGlobalIDString = 05F4B7AE1F73CFF8001B5241;
			remoteInfo = IQKeyboardManagerBug;
		};
		05F4B7D41F73CFF8001B5241 /* PBXContainerItemProxy */ = {
			isa = PBXContainerItemProxy;
			containerPortal = 05F4B7A71F73CFF8001B5241 /* Project object */;
			proxyType = 1;
			remoteGlobalIDString = 05F4B7AE1F73CFF8001B5241;
			remoteInfo = IQKeyboardManagerBug;
		};
/* End PBXContainerItemProxy section */

/* Begin PBXFileReference section */
		05F4B7AF1F73CFF8001B5241 /* IQKeyboardManagerBug.app */ = {isa = PBXFileReference; explicitFileType = wrapper.application; includeInIndex = 0; path = IQKeyboardManagerBug.app; sourceTree = BUILT_PRODUCTS_DIR; };
		05F4B7B31F73CFF8001B5241 /* main.m */ = {isa = PBXFileReference; lastKnownFileType = sourcecode.c.objc; path = main.m; sourceTree = "<group>"; };
		05F4B7B51F73CFF8001B5241 /* AppDelegate.h */ = {isa = PBXFileReference; lastKnownFileType = sourcecode.c.h; path = AppDelegate.h; sourceTree = "<group>"; };
		05F4B7B61F73CFF8001B5241 /* AppDelegate.m */ = {isa = PBXFileReference; lastKnownFileType = sourcecode.c.objc; path = AppDelegate.m; sourceTree = "<group>"; };
		05F4B7B81F73CFF8001B5241 /* ViewController.h */ = {isa = PBXFileReference; lastKnownFileType = sourcecode.c.h; path = ViewController.h; sourceTree = "<group>"; };
		05F4B7B91F73CFF8001B5241 /* ViewController.m */ = {isa = PBXFileReference; lastKnownFileType = sourcecode.c.objc; path = ViewController.m; sourceTree = "<group>"; };
		05F4B7BC1F73CFF8001B5241 /* Base */ = {isa = PBXFileReference; lastKnownFileType = file.storyboard; name = Base; path = Base.lproj/Main.storyboard; sourceTree = "<group>"; };
		05F4B7BE1F73CFF8001B5241 /* Assets.xcassets */ = {isa = PBXFileReference; lastKnownFileType = folder.assetcatalog; path = Assets.xcassets; sourceTree = "<group>"; };
		05F4B7C11F73CFF8001B5241 /* Base */ = {isa = PBXFileReference; lastKnownFileType = file.storyboard; name = Base; path = Base.lproj/LaunchScreen.storyboard; sourceTree = "<group>"; };
		05F4B7C31F73CFF8001B5241 /* Info.plist */ = {isa = PBXFileReference; lastKnownFileType = text.plist.xml; path = Info.plist; sourceTree = "<group>"; };
		05F4B7C81F73CFF8001B5241 /* IQKeyboardManagerBugTests.xctest */ = {isa = PBXFileReference; explicitFileType = wrapper.cfbundle; includeInIndex = 0; path = IQKeyboardManagerBugTests.xctest; sourceTree = BUILT_PRODUCTS_DIR; };
		05F4B7CC1F73CFF8001B5241 /* IQKeyboardManagerBugTests.m */ = {isa = PBXFileReference; lastKnownFileType = sourcecode.c.objc; path = IQKeyboardManagerBugTests.m; sourceTree = "<group>"; };
		05F4B7CE1F73CFF8001B5241 /* Info.plist */ = {isa = PBXFileReference; lastKnownFileType = text.plist.xml; path = Info.plist; sourceTree = "<group>"; };
		05F4B7D31F73CFF8001B5241 /* IQKeyboardManagerBugUITests.xctest */ = {isa = PBXFileReference; explicitFileType = wrapper.cfbundle; includeInIndex = 0; path = IQKeyboardManagerBugUITests.xctest; sourceTree = BUILT_PRODUCTS_DIR; };
		05F4B7D71F73CFF8001B5241 /* IQKeyboardManagerBugUITests.m */ = {isa = PBXFileReference; lastKnownFileType = sourcecode.c.objc; path = IQKeyboardManagerBugUITests.m; sourceTree = "<group>"; };
		05F4B7D91F73CFF8001B5241 /* Info.plist */ = {isa = PBXFileReference; lastKnownFileType = text.plist.xml; path = Info.plist; sourceTree = "<group>"; };
/* End PBXFileReference section */

/* Begin PBXFrameworksBuildPhase section */
		05F4B7AC1F73CFF8001B5241 /* Frameworks */ = {
			isa = PBXFrameworksBuildPhase;
			buildActionMask = 2147483647;
			files = (
			);
			runOnlyForDeploymentPostprocessing = 0;
		};
		05F4B7C51F73CFF8001B5241 /* Frameworks */ = {
			isa = PBXFrameworksBuildPhase;
			buildActionMask = 2147483647;
			files = (
			);
			runOnlyForDeploymentPostprocessing = 0;
		};
		05F4B7D01F73CFF8001B5241 /* Frameworks */ = {
			isa = PBXFrameworksBuildPhase;
			buildActionMask = 2147483647;
			files = (
			);
			runOnlyForDeploymentPostprocessing = 0;
		};
/* End PBXFrameworksBuildPhase section */

/* Begin PBXGroup section */
		05F4B7A61F73CFF8001B5241 = {
			isa = PBXGroup;
			children = (
				05F4B7B11F73CFF8001B5241 /* IQKeyboardManagerBug */,
				05F4B7CB1F73CFF8001B5241 /* IQKeyboardManagerBugTests */,
				05F4B7D61F73CFF8001B5241 /* IQKeyboardManagerBugUITests */,
				05F4B7B01F73CFF8001B5241 /* Products */,
			);
			sourceTree = "<group>";
		};
		05F4B7B01F73CFF8001B5241 /* Products */ = {
			isa = PBXGroup;
			children = (
				05F4B7AF1F73CFF8001B5241 /* IQKeyboardManagerBug.app */,
				05F4B7C81F73CFF8001B5241 /* IQKeyboardManagerBugTests.xctest */,
				05F4B7D31F73CFF8001B5241 /* IQKeyboardManagerBugUITests.xctest */,
			);
			name = Products;
			sourceTree = "<group>";
		};
		05F4B7B11F73CFF8001B5241 /* IQKeyboardManagerBug */ = {
			isa = PBXGroup;
			children = (
				05F4B7B51F73CFF8001B5241 /* AppDelegate.h */,
				05F4B7B61F73CFF8001B5241 /* AppDelegate.m */,
				05F4B7B81F73CFF8001B5241 /* ViewController.h */,
				05F4B7B91F73CFF8001B5241 /* ViewController.m */,
				05F4B7BB1F73CFF8001B5241 /* Main.storyboard */,
				05F4B7BE1F73CFF8001B5241 /* Assets.xcassets */,
				05F4B7C01F73CFF8001B5241 /* LaunchScreen.storyboard */,
				05F4B7C31F73CFF8001B5241 /* Info.plist */,
				05F4B7B21F73CFF8001B5241 /* Supporting Files */,
			);
			path = IQKeyboardManagerBug;
			sourceTree = "<group>";
		};
		05F4B7B21F73CFF8001B5241 /* Supporting Files */ = {
			isa = PBXGroup;
			children = (
				05F4B7B31F73CFF8001B5241 /* main.m */,
			);
			name = "Supporting Files";
			sourceTree = "<group>";
		};
		05F4B7CB1F73CFF8001B5241 /* IQKeyboardManagerBugTests */ = {
			isa = PBXGroup;
			children = (
				05F4B7CC1F73CFF8001B5241 /* IQKeyboardManagerBugTests.m */,
				05F4B7CE1F73CFF8001B5241 /* Info.plist */,
			);
			path = IQKeyboardManagerBugTests;
			sourceTree = "<group>";
		};
		05F4B7D61F73CFF8001B5241 /* IQKeyboardManagerBugUITests */ = {
			isa = PBXGroup;
			children = (
				05F4B7D71F73CFF8001B5241 /* IQKeyboardManagerBugUITests.m */,
				05F4B7D91F73CFF8001B5241 /* Info.plist */,
			);
			path = IQKeyboardManagerBugUITests;
			sourceTree = "<group>";
		};
/* End PBXGroup section */

/* Begin PBXNativeTarget section */
		05F4B7AE1F73CFF8001B5241 /* IQKeyboardManagerBug */ = {
			isa = PBXNativeTarget;
			buildConfigurationList = 05F4B7DC1F73CFF8001B5241 /* Build configuration list for PBXNativeTarget "IQKeyboardManagerBug" */;
			buildPhases = (
				05F4B7AB1F73CFF8001B5241 /* Sources */,
				05F4B7AC1F73CFF8001B5241 /* Frameworks */,
				05F4B7AD1F73CFF8001B5241 /* Resources */,
			);
			buildRules = (
			);
			dependencies = (
			);
			name = IQKeyboardManagerBug;
			productName = IQKeyboardManagerBug;
			productReference = 05F4B7AF1F73CFF8001B5241 /* IQKeyboardManagerBug.app */;
			productType = "com.apple.product-type.application";
		};
		05F4B7C71F73CFF8001B5241 /* IQKeyboardManagerBugTests */ = {
			isa = PBXNativeTarget;
			buildConfigurationList = 05F4B7DF1F73CFF8001B5241 /* Build configuration list for PBXNativeTarget "IQKeyboardManagerBugTests" */;
			buildPhases = (
				05F4B7C41F73CFF8001B5241 /* Sources */,
				05F4B7C51F73CFF8001B5241 /* Frameworks */,
				05F4B7C61F73CFF8001B5241 /* Resources */,
			);
			buildRules = (
			);
			dependencies = (
				05F4B7CA1F73CFF8001B5241 /* PBXTargetDependency */,
			);
			name = IQKeyboardManagerBugTests;
			productName = IQKeyboardManagerBugTests;
			productReference = 05F4B7C81F73CFF8001B5241 /* IQKeyboardManagerBugTests.xctest */;
			productType = "com.apple.product-type.bundle.unit-test";
		};
		05F4B7D21F73CFF8001B5241 /* IQKeyboardManagerBugUITests */ = {
			isa = PBXNativeTarget;
			buildConfigurationList = 05F4B7E21F73CFF8001B5241 /* Build configuration list for PBXNativeTarget "IQKeyboardManagerBugUITests" */;
			buildPhases = (
				05F4B7CF1F73CFF8001B5241 /* Sources */,
				05F4B7D01F73CFF8001B5241 /* Frameworks */,
				05F4B7D11F73CFF8001B5241 /* Resources */,
			);
			buildRules = (
			);
			dependencies = (
				05F4B7D51F73CFF8001B5241 /* PBXTargetDependency */,
			);
			name = IQKeyboardManagerBugUITests;
			productName = IQKeyboardManagerBugUITests;
			productReference = 05F4B7D31F73CFF8001B5241 /* IQKeyboardManagerBugUITests.xctest */;
			productType = "com.apple.product-type.bundle.ui-testing";
		};
/* End PBXNativeTarget section */

/* Begin PBXProject section */
		05F4B7A71F73CFF8001B5241 /* Project object */ = {
			isa = PBXProject;
			attributes = {
				LastUpgradeCheck = 0830;
				ORGANIZATIONNAME = KevinHehuachao;
				TargetAttributes = {
					05F4B7AE1F73CFF8001B5241 = {
						CreatedOnToolsVersion = 8.3.3;
						DevelopmentTeam = 8M8Y7973D3;
						ProvisioningStyle = Automatic;
					};
					05F4B7C71F73CFF8001B5241 = {
						CreatedOnToolsVersion = 8.3.3;
						DevelopmentTeam = 8M8Y7973D3;
						ProvisioningStyle = Automatic;
						TestTargetID = 05F4B7AE1F73CFF8001B5241;
					};
					05F4B7D21F73CFF8001B5241 = {
						CreatedOnToolsVersion = 8.3.3;
						DevelopmentTeam = 8M8Y7973D3;
						ProvisioningStyle = Automatic;
						TestTargetID = 05F4B7AE1F73CFF8001B5241;
					};
				};
			};
			buildConfigurationList = 05F4B7AA1F73CFF8001B5241 /* Build configuration list for PBXProject "IQKeyboardManagerBug" */;
			compatibilityVersion = "Xcode 3.2";
			developmentRegion = English;
			hasScannedForEncodings = 0;
			knownRegions = (
				en,
				Base,
			);
			mainGroup = 05F4B7A61F73CFF8001B5241;
			productRefGroup = 05F4B7B01F73CFF8001B5241 /* Products */;
			projectDirPath = "";
			projectRoot = "";
			targets = (
				05F4B7AE1F73CFF8001B5241 /* IQKeyboardManagerBug */,
				05F4B7C71F73CFF8001B5241 /* IQKeyboardManagerBugTests */,
				05F4B7D21F73CFF8001B5241 /* IQKeyboardManagerBugUITests */,
			);
		};
/* End PBXProject section */

/* Begin PBXResourcesBuildPhase section */
		05F4B7AD1F73CFF8001B5241 /* Resources */ = {
			isa = PBXResourcesBuildPhase;
			buildActionMask = 2147483647;
			files = (
				05F4B7C21F73CFF8001B5241 /* LaunchScreen.storyboard in Resources */,
				05F4B7BF1F73CFF8001B5241 /* Assets.xcassets in Resources */,
				05F4B7BD1F73CFF8001B5241 /* Main.storyboard in Resources */,
			);
			runOnlyForDeploymentPostprocessing = 0;
		};
		05F4B7C61F73CFF8001B5241 /* Resources */ = {
			isa = PBXResourcesBuildPhase;
			buildActionMask = 2147483647;
			files = (
			);
			runOnlyForDeploymentPostprocessing = 0;
		};
		05F4B7D11F73CFF8001B5241 /* Resources */ = {
			isa = PBXResourcesBuildPhase;
			buildActionMask = 2147483647;
			files = (
			);
			runOnlyForDeploymentPostprocessing = 0;
		};
/* End PBXResourcesBuildPhase section */

/* Begin PBXSourcesBuildPhase section */
		05F4B7AB1F73CFF8001B5241 /* Sources */ = {
			isa = PBXSourcesBuildPhase;
			buildActionMask = 2147483647;
			files = (
				05F4B7BA1F73CFF8001B5241 /* ViewController.m in Sources */,
				05F4B7B71F73CFF8001B5241 /* AppDelegate.m in Sources */,
				05F4B7B41F73CFF8001B5241 /* main.m in Sources */,
			);
			runOnlyForDeploymentPostprocessing = 0;
		};
		05F4B7C41F73CFF8001B5241 /* Sources */ = {
			isa = PBXSourcesBuildPhase;
			buildActionMask = 2147483647;
			files = (
				05F4B7CD1F73CFF8001B5241 /* IQKeyboardManagerBugTests.m in Sources */,
			);
			runOnlyForDeploymentPostprocessing = 0;
		};
		05F4B7CF1F73CFF8001B5241 /* Sources */ = {
			isa = PBXSourcesBuildPhase;
			buildActionMask = 2147483647;
			files = (
				05F4B7D81F73CFF8001B5241 /* IQKeyboardManagerBugUITests.m in Sources */,
			);
			runOnlyForDeploymentPostprocessing = 0;
		};
/* End PBXSourcesBuildPhase section */

/* Begin PBXTargetDependency section */
		05F4B7CA1F73CFF8001B5241 /* PBXTargetDependency */ = {
			isa = PBXTargetDependency;
			target = 05F4B7AE1F73CFF8001B5241 /* IQKeyboardManagerBug */;
			targetProxy = 05F4B7C91F73CFF8001B5241 /* PBXContainerItemProxy */;
		};
		05F4B7D51F73CFF8001B5241 /* PBXTargetDependency */ = {
			isa = PBXTargetDependency;
			target = 05F4B7AE1F73CFF8001B5241 /* IQKeyboardManagerBug */;
			targetProxy = 05F4B7D41F73CFF8001B5241 /* PBXContainerItemProxy */;
		};
/* End PBXTargetDependency section */

/* Begin PBXVariantGroup section */
		05F4B7BB1F73CFF8001B5241 /* Main.storyboard */ = {
			isa = PBXVariantGroup;
			children = (
				05F4B7BC1F73CFF8001B5241 /* Base */,
			);
			name = Main.storyboard;
			sourceTree = "<group>";
		};
		05F4B7C01F73CFF8001B5241 /* LaunchScreen.storyboard */ = {
			isa = PBXVariantGroup;
			children = (
				05F4B7C11F73CFF8001B5241 /* Base */,
			);
			name = LaunchScreen.storyboard;
			sourceTree = "<group>";
		};
/* End PBXVariantGroup section */

/* Begin XCBuildConfiguration section */
		05F4B7DA1F73CFF8001B5241 /* Debug */ = {
			isa = XCBuildConfiguration;
			buildSettings = {
				ALWAYS_SEARCH_USER_PATHS = NO;
				CLANG_ANALYZER_NONNULL = YES;
				CLANG_ANALYZER_NUMBER_OBJECT_CONVERSION = YES_AGGRESSIVE;
				CLANG_CXX_LANGUAGE_STANDARD = "gnu++0x";
				CLANG_CXX_LIBRARY = "libc++";
				CLANG_ENABLE_MODULES = YES;
				CLANG_ENABLE_OBJC_ARC = YES;
				CLANG_WARN_BOOL_CONVERSION = YES;
				CLANG_WARN_CONSTANT_CONVERSION = YES;
				CLANG_WARN_DIRECT_OBJC_ISA_USAGE = YES_ERROR;
				CLANG_WARN_DOCUMENTATION_COMMENTS = YES;
				CLANG_WARN_EMPTY_BODY = YES;
				CLANG_WARN_ENUM_CONVERSION = YES;
				CLANG_WARN_INFINITE_RECURSION = YES;
				CLANG_WARN_INT_CONVERSION = YES;
				CLANG_WARN_OBJC_ROOT_CLASS = YES_ERROR;
				CLANG_WARN_SUSPICIOUS_MOVE = YES;
				CLANG_WARN_UNREACHABLE_CODE = YES;
				CLANG_WARN__DUPLICATE_METHOD_MATCH = YES;
				"CODE_SIGN_IDENTITY[sdk=iphoneos*]" = "iPhone Developer";
				COPY_PHASE_STRIP = NO;
				DEBUG_INFORMATION_FORMAT = dwarf;
				ENABLE_STRICT_OBJC_MSGSEND = YES;
				ENABLE_TESTABILITY = YES;
				GCC_C_LANGUAGE_STANDARD = gnu99;
				GCC_DYNAMIC_NO_PIC = NO;
				GCC_NO_COMMON_BLOCKS = YES;
				GCC_OPTIMIZATION_LEVEL = 0;
				GCC_PREPROCESSOR_DEFINITIONS = (
					"DEBUG=1",
					"$(inherited)",
				);
				GCC_WARN_64_TO_32_BIT_CONVERSION = YES;
				GCC_WARN_ABOUT_RETURN_TYPE = YES_ERROR;
				GCC_WARN_UNDECLARED_SELECTOR = YES;
				GCC_WARN_UNINITIALIZED_AUTOS = YES_AGGRESSIVE;
				GCC_WARN_UNUSED_FUNCTION = YES;
				GCC_WARN_UNUSED_VARIABLE = YES;
				IPHONEOS_DEPLOYMENT_TARGET = 10.3;
				MTL_ENABLE_DEBUG_INFO = YES;
				ONLY_ACTIVE_ARCH = YES;
				SDKROOT = iphoneos;
			};
			name = Debug;
		};
		05F4B7DB1F73CFF8001B5241 /* Release */ = {
			isa = XCBuildConfiguration;
			buildSettings = {
				ALWAYS_SEARCH_USER_PATHS = NO;
				CLANG_ANALYZER_NONNULL = YES;
				CLANG_ANALYZER_NUMBER_OBJECT_CONVERSION = YES_AGGRESSIVE;
				CLANG_CXX_LANGUAGE_STANDARD = "gnu++0x";
				CLANG_CXX_LIBRARY = "libc++";
				CLANG_ENABLE_MODULES = YES;
				CLANG_ENABLE_OBJC_ARC = YES;
				CLANG_WARN_BOOL_CONVERSION = YES;
				CLANG_WARN_CONSTANT_CONVERSION = YES;
				CLANG_WARN_DIRECT_OBJC_ISA_USAGE = YES_ERROR;
				CLANG_WARN_DOCUMENTATION_COMMENTS = YES;
				CLANG_WARN_EMPTY_BODY = YES;
				CLANG_WARN_ENUM_CONVERSION = YES;
				CLANG_WARN_INFINITE_RECURSION = YES;
				CLANG_WARN_INT_CONVERSION = YES;
				CLANG_WARN_OBJC_ROOT_CLASS = YES_ERROR;
				CLANG_WARN_SUSPICIOUS_MOVE = YES;
				CLANG_WARN_UNREACHABLE_CODE = YES;
				CLANG_WARN__DUPLICATE_METHOD_MATCH = YES;
				"CODE_SIGN_IDENTITY[sdk=iphoneos*]" = "iPhone Developer";
				COPY_PHASE_STRIP = NO;
				DEBUG_INFORMATION_FORMAT = "dwarf-with-dsym";
				ENABLE_NS_ASSERTIONS = NO;
				ENABLE_STRICT_OBJC_MSGSEND = YES;
				GCC_C_LANGUAGE_STANDARD = gnu99;
				GCC_NO_COMMON_BLOCKS = YES;
				GCC_WARN_64_TO_32_BIT_CONVERSION = YES;
				GCC_WARN_ABOUT_RETURN_TYPE = YES_ERROR;
				GCC_WARN_UNDECLARED_SELECTOR = YES;
				GCC_WARN_UNINITIALIZED_AUTOS = YES_AGGRESSIVE;
				GCC_WARN_UNUSED_FUNCTION = YES;
				GCC_WARN_UNUSED_VARIABLE = YES;
				IPHONEOS_DEPLOYMENT_TARGET = 10.3;
				MTL_ENABLE_DEBUG_INFO = NO;
				SDKROOT = iphoneos;
				VALIDATE_PRODUCT = YES;
			};
			name = Release;
		};
		05F4B7DD1F73CFF8001B5241 /* Debug */ = {
			isa = XCBuildConfiguration;
			buildSettings = {
				ASSETCATALOG_COMPILER_APPICON_NAME = AppIcon;
				DEVELOPMENT_TEAM = 8M8Y7973D3;
				INFOPLIST_FILE = IQKeyboardManagerBug/Info.plist;
				LD_RUNPATH_SEARCH_PATHS = "$(inherited) @executable_path/Frameworks";
				PRODUCT_BUNDLE_IDENTIFIER = "huachao-he.IQKeyboardManagerBug";
				PRODUCT_NAME = "$(TARGET_NAME)";
			};
			name = Debug;
		};
		05F4B7DE1F73CFF8001B5241 /* Release */ = {
			isa = XCBuildConfiguration;
			buildSettings = {
				ASSETCATALOG_COMPILER_APPICON_NAME = AppIcon;
				DEVELOPMENT_TEAM = 8M8Y7973D3;
				INFOPLIST_FILE = IQKeyboardManagerBug/Info.plist;
				LD_RUNPATH_SEARCH_PATHS = "$(inherited) @executable_path/Frameworks";
				PRODUCT_BUNDLE_IDENTIFIER = "huachao-he.IQKeyboardManagerBug";
				PRODUCT_NAME = "$(TARGET_NAME)";
			};
			name = Release;
		};
		05F4B7E01F73CFF8001B5241 /* Debug */ = {
			isa = XCBuildConfiguration;
			buildSettings = {
				BUNDLE_LOADER = "$(TEST_HOST)";
				DEVELOPMENT_TEAM = 8M8Y7973D3;
				INFOPLIST_FILE = IQKeyboardManagerBugTests/Info.plist;
				LD_RUNPATH_SEARCH_PATHS = "$(inherited) @executable_path/Frameworks @loader_path/Frameworks";
				PRODUCT_BUNDLE_IDENTIFIER = "huachao-he.IQKeyboardManagerBugTests";
				PRODUCT_NAME = "$(TARGET_NAME)";
				TEST_HOST = "$(BUILT_PRODUCTS_DIR)/IQKeyboardManagerBug.app/IQKeyboardManagerBug";
			};
			name = Debug;
		};
		05F4B7E11F73CFF8001B5241 /* Release */ = {
			isa = XCBuildConfiguration;
			buildSettings = {
				BUNDLE_LOADER = "$(TEST_HOST)";
				DEVELOPMENT_TEAM = 8M8Y7973D3;
				INFOPLIST_FILE = IQKeyboardManagerBugTests/Info.plist;
				LD_RUNPATH_SEARCH_PATHS = "$(inherited) @executable_path/Frameworks @loader_path/Frameworks";
				PRODUCT_BUNDLE_IDENTIFIER = "huachao-he.IQKeyboardManagerBugTests";
				PRODUCT_NAME = "$(TARGET_NAME)";
				TEST_HOST = "$(BUILT_PRODUCTS_DIR)/IQKeyboardManagerBug.app/IQKeyboardManagerBug";
			};
			name = Release;
		};
		05F4B7E31F73CFF8001B5241 /* Debug */ = {
			isa = XCBuildConfiguration;
			buildSettings = {
				DEVELOPMENT_TEAM = 8M8Y7973D3;
				INFOPLIST_FILE = IQKeyboardManagerBugUITests/Info.plist;
				LD_RUNPATH_SEARCH_PATHS = "$(inherited) @executable_path/Frameworks @loader_path/Frameworks";
				PRODUCT_BUNDLE_IDENTIFIER = "huachao-he.IQKeyboardManagerBugUITests";
				PRODUCT_NAME = "$(TARGET_NAME)";
				TEST_TARGET_NAME = IQKeyboardManagerBug;
			};
			name = Debug;
		};
		05F4B7E41F73CFF8001B5241 /* Release */ = {
			isa = XCBuildConfiguration;
			buildSettings = {
				DEVELOPMENT_TEAM = 8M8Y7973D3;
				INFOPLIST_FILE = IQKeyboardManagerBugUITests/Info.plist;
				LD_RUNPATH_SEARCH_PATHS = "$(inherited) @executable_path/Frameworks @loader_path/Frameworks";
				PRODUCT_BUNDLE_IDENTIFIER = "huachao-he.IQKeyboardManagerBugUITests";
				PRODUCT_NAME = "$(TARGET_NAME)";
				TEST_TARGET_NAME = IQKeyboardManagerBug;
			};
			name = Release;
		};
/* End XCBuildConfiguration section */

/* Begin XCConfigurationList section */
		05F4B7AA1F73CFF8001B5241 /* Build configuration list for PBXProject "IQKeyboardManagerBug" */ = {
			isa = XCConfigurationList;
			buildConfigurations = (
				05F4B7DA1F73CFF8001B5241 /* Debug */,
				05F4B7DB1F73CFF8001B5241 /* Release */,
			);
			defaultConfigurationIsVisible = 0;
			defaultConfigurationName = Release;
		};
		05F4B7DC1F73CFF8001B5241 /* Build configuration list for PBXNativeTarget "IQKeyboardManagerBug" */ = {
			isa = XCConfigurationList;
			buildConfigurations = (
				05F4B7DD1F73CFF8001B5241 /* Debug */,
				05F4B7DE1F73CFF8001B5241 /* Release */,
			);
			defaultConfigurationIsVisible = 0;
		};
		05F4B7DF1F73CFF8001B5241 /* Build configuration list for PBXNativeTarget "IQKeyboardManagerBugTests" */ = {
			isa = XCConfigurationList;
			buildConfigurations = (
				05F4B7E01F73CFF8001B5241 /* Debug */,
				05F4B7E11F73CFF8001B5241 /* Release */,
			);
			defaultConfigurationIsVisible = 0;
		};
		05F4B7E21F73CFF8001B5241 /* Build configuration list for PBXNativeTarget "IQKeyboardManagerBugUITests" */ = {
			isa = XCConfigurationList;
			buildConfigurations = (
				05F4B7E31F73CFF8001B5241 /* Debug */,
				05F4B7E41F73CFF8001B5241 /* Release */,
			);
			defaultConfigurationIsVisible = 0;
		};
/* End XCConfigurationList section */
	};
	rootObject = 05F4B7A71F73CFF8001B5241 /* Project object */;
}
